
Microsoft Visual Studio Solution File, Format Version 12.00
# Visual Studio Version 17
VisualStudioVersion = 17.3.32922.545
MinimumVisualStudioVersion = 10.0.40219.1
Project("{9A19103F-16F7-4668-BE54-9A1E7A4F7556}") = "SmartFactory", "SmartFactory\SmartFactory.csproj", "{E5F5DA17-C893-448A-96B4-1B4A4C57ADA9}"
EndProject
Project("{9A19103F-16F7-4668-BE54-9A1E7A4F7556}") = "SmartFactory.Infrastructure", "SmartFactory.Infrastructure\SmartFactory.Infrastructure.csproj", "{B761E201-8993-4C16-8D29-CED4222A0DA4}"
EndProject
Project("{9A19103F-16F7-4668-BE54-9A1E7A4F7556}") = "SmartFactory.Core", "SmartFactory.Core\SmartFactory.Core.csproj", "{BA67D27E-7D0D-4C94-8D1F-40CD9E253388}"
EndProject
Project("{FAE04EC0-301F-11D3-BF4B-00C04F79EFBC}") = "SmartFactory.UnitTests", "SmartFactory.UnitTests\SmartFactory.UnitTests.csproj", "{8CECD312-3C50-4EC7-B9E7-14C73228678F}"
EndProject
Global
	GlobalSection(SolutionConfigurationPlatforms) = preSolution
		Debug|Any CPU = Debug|Any CPU
		Release|Any CPU = Release|Any CPU
	EndGlobalSection
	GlobalSection(ProjectConfigurationPlatforms) = postSolution
		{E5F5DA17-C893-448A-96B4-1B4A4C57ADA9}.Debug|Any CPU.ActiveCfg = Debug|Any CPU
		{E5F5DA17-C893-448A-96B4-1B4A4C57ADA9}.Debug|Any CPU.Build.0 = Debug|Any CPU
		{E5F5DA17-C893-448A-96B4-1B4A4C57ADA9}.Release|Any CPU.ActiveCfg = Release|Any CPU
		{E5F5DA17-C893-448A-96B4-1B4A4C57ADA9}.Release|Any CPU.Build.0 = Release|Any CPU
		{B761E201-8993-4C16-8D29-CED4222A0DA4}.Debug|Any CPU.ActiveCfg = Debug|Any CPU
		{B761E201-8993-4C16-8D29-CED4222A0DA4}.Debug|Any CPU.Build.0 = Debug|Any CPU
		{B761E201-8993-4C16-8D29-CED4222A0DA4}.Release|Any CPU.ActiveCfg = Release|Any CPU
		{B761E201-8993-4C16-8D29-CED4222A0DA4}.Release|Any CPU.Build.0 = Release|Any CPU
		{BA67D27E-7D0D-4C94-8D1F-40CD9E253388}.Debug|Any CPU.ActiveCfg = Debug|Any CPU
		{BA67D27E-7D0D-4C94-8D1F-40CD9E253388}.Debug|Any CPU.Build.0 = Debug|Any CPU
		{BA67D27E-7D0D-4C94-8D1F-40CD9E253388}.Release|Any CPU.ActiveCfg = Release|Any CPU
		{BA67D27E-7D0D-4C94-8D1F-40CD9E253388}.Release|Any CPU.Build.0 = Release|Any CPU
		{8CECD312-3C50-4EC7-B9E7-14C73228678F}.Debug|Any CPU.ActiveCfg = Debug|Any CPU
		{8CECD312-3C50-4EC7-B9E7-14C73228678F}.Debug|Any CPU.Build.0 = Debug|Any CPU
		{8CECD312-3C50-4EC7-B9E7-14C73228678F}.Release|Any CPU.ActiveCfg = Release|Any CPU
		{8CECD312-3C50-4EC7-B9E7-14C73228678F}.Release|Any CPU.Build.0 = Release|Any CPU
	EndGlobalSection
	GlobalSection(SolutionProperties) = preSolution
		HideSolutionNode = FALSE
	EndGlobalSection
	GlobalSection(ExtensibilityGlobals) = postSolution
		SolutionGuid = {ACBD52C9-F0A3-454B-B608-922D6D2A2277}
	EndGlobalSection
EndGlobal
